
// !$*UTF8*$!
{
	archiveVersion = 1;
	classes = {
	};
	objectVersion = 55;
	objects = {

/* Begin PBXBuildFile section */
		84459AF3280D4013006FE8FB /* AppDelegate.swift in Sources */ = {isa = PBXBuildFile; fileRef = 84459AF2280D4013006FE8FB /* AppDelegate.swift */; };
		84459AF5280D4013006FE8FB /* SceneDelegate.swift in Sources */ = {isa = PBXBuildFile; fileRef = 84459AF4280D4013006FE8FB /* SceneDelegate.swift */; };
		84459AF7280D4013006FE8FB /* CoinViewController.swift in Sources */ = {isa = PBXBuildFile; fileRef = 84459AF6280D4013006FE8FB /* CoinViewController.swift */; };
		84459AFA280D4013006FE8FB /* Main.storyboard in Resources */ = {isa = PBXBuildFile; fileRef = 84459AF8280D4013006FE8FB /* Main.storyboard */; };
		84459AFC280D4014006FE8FB /* Assets.xcassets in Resources */ = {isa = PBXBuildFile; fileRef = 84459AFB280D4014006FE8FB /* Assets.xcassets */; };
		84459AFF280D4014006FE8FB /* LaunchScreen.storyboard in Resources */ = {isa = PBXBuildFile; fileRef = 84459AFD280D4014006FE8FB /* LaunchScreen.storyboard */; };
		84459B09280D4A1A006FE8FB /* CoinManager.swift in Sources */ = {isa = PBXBuildFile; fileRef = 84459B08280D4A1A006FE8FB /* CoinManager.swift */; };
		84459B0F280D8289006FE8FB /* CoinData.swift in Sources */ = {isa = PBXBuildFile; fileRef = 84459B0E280D8289006FE8FB /* CoinData.swift */; };
/* End PBXBuildFile section */

/* Begin PBXFileReference section */
		84459AEF280D4013006FE8FB /* Coin.app */ = {isa = PBXFileReference; explicitFileType = wrapper.application; includeInIndex = 0; path = Coin.app; sourceTree = BUILT_PRODUCTS_DIR; };
		84459AF2280D4013006FE8FB /* AppDelegate.swift */ = {isa = PBXFileReference; lastKnownFileType = sourcecode.swift; path = AppDelegate.swift; sourceTree = "<group>"; };
		84459AF4280D4013006FE8FB /* SceneDelegate.swift */ = {isa = PBXFileReference; lastKnownFileType = sourcecode.swift; path = SceneDelegate.swift; sourceTree = "<group>"; };
		84459AF6280D4013006FE8FB /* CoinViewController.swift */ = {isa = PBXFileReference; lastKnownFileType = sourcecode.swift; path = CoinViewController.swift; sourceTree = "<group>"; };
		84459AF9280D4013006FE8FB /* Base */ = {isa = PBXFileReference; lastKnownFileType = file.storyboard; name = Base; path = Base.lproj/Main.storyboard; sourceTree = "<group>"; };
		84459AFB280D4014006FE8FB /* Assets.xcassets */ = {isa = PBXFileReference; lastKnownFileType = folder.assetcatalog; path = Assets.xcassets; sourceTree = "<group>"; };
		84459AFE280D4014006FE8FB /* Base */ = {isa = PBXFileReference; lastKnownFileType = file.storyboard; name = Base; path = Base.lproj/LaunchScreen.storyboard; sourceTree = "<group>"; };
		84459B00280D4014006FE8FB /* Info.plist */ = {isa = PBXFileReference; lastKnownFileType = text.plist.xml; path = Info.plist; sourceTree = "<group>"; };
		84459B08280D4A1A006FE8FB /* CoinManager.swift */ = {isa = PBXFileReference; lastKnownFileType = sourcecode.swift; path = CoinManager.swift; sourceTree = "<group>"; };
		84459B0D280D4C85006FE8FB /* Secrets.xcconfig */ = {isa = PBXFileReference; lastKnownFileType = text.xcconfig; path = Secrets.xcconfig; sourceTree = "<group>"; };
		84459B0E280D8289006FE8FB /* CoinData.swift */ = {isa = PBXFileReference; lastKnownFileType = sourcecode.swift; path = CoinData.swift; sourceTree = "<group>"; };
/* End PBXFileReference section */

/* Begin PBXFrameworksBuildPhase section */
		84459AEC280D4013006FE8FB /* Frameworks */ = {
			isa = PBXFrameworksBuildPhase;
			buildActionMask = 2147483647;
			files = (
			);
			runOnlyForDeploymentPostprocessing = 0;
		};
/* End PBXFrameworksBuildPhase section */

/* Begin PBXGroup section */
		84459AE6280D4013006FE8FB = {
			isa = PBXGroup;
			children = (
				84459B0D280D4C85006FE8FB /* Secrets.xcconfig */,
				84459AF1280D4013006FE8FB /* Coin */,
				84459AF0280D4013006FE8FB /* Products */,
			);
			sourceTree = "<group>";
		};
		84459AF0280D4013006FE8FB /* Products */ = {
			isa = PBXGroup;
			children = (
				84459AEF280D4013006FE8FB /* Coin.app */,
			);
			name = Products;
			sourceTree = "<group>";
		};
		84459AF1280D4013006FE8FB /* Coin */ = {
			isa = PBXGroup;
			children = (
				84459AF2280D4013006FE8FB /* AppDelegate.swift */,
				84459AF4280D4013006FE8FB /* SceneDelegate.swift */,
				84459B0C280D4A3A006FE8FB /* Controller */,
				84459B0B280D4A2E006FE8FB /* View */,
				84459AFB280D4014006FE8FB /* Assets.xcassets */,
				84459AFD280D4014006FE8FB /* LaunchScreen.storyboard */,
				84459B00280D4014006FE8FB /* Info.plist */,
				84459B0A280D4A26006FE8FB /* Model */,
			);
			path = Coin;
			sourceTree = "<group>";
		};
		84459B0A280D4A26006FE8FB /* Model */ = {
			isa = PBXGroup;
			children = (
				84459B08280D4A1A006FE8FB /* CoinManager.swift */,
				84459B0E280D8289006FE8FB /* CoinData.swift */,
			);
			path = Model;
			sourceTree = "<group>";
		};
		84459B0B280D4A2E006FE8FB /* View */ = {
			isa = PBXGroup;
			children = (
				84459AF8280D4013006FE8FB /* Main.storyboard */,
			);
			path = View;
			sourceTree = "<group>";
		};
		84459B0C280D4A3A006FE8FB /* Controller */ = {
			isa = PBXGroup;
			children = (
				84459AF6280D4013006FE8FB /* CoinViewController.swift */,
			);
			path = Controller;
			sourceTree = "<group>";
		};
/* End PBXGroup section */

/* Begin PBXNativeTarget section */
		84459AEE280D4013006FE8FB /* Coin */ = {
			isa = PBXNativeTarget;
			buildConfigurationList = 84459B03280D4014006FE8FB /* Build configuration list for PBXNativeTarget "Coin" */;
			buildPhases = (
				84459AEB280D4013006FE8FB /* Sources */,
				84459AEC280D4013006FE8FB /* Frameworks */,
				84459AED280D4013006FE8FB /* Resources */,
			);
			buildRules = (
			);
			dependencies = (
			);
			name = Coin;
			productName = Coin;
			productReference = 84459AEF280D4013006FE8FB /* Coin.app */;
			productType = "com.apple.product-type.application";
		};
/* End PBXNativeTarget section */

/* Begin PBXProject section */
		84459AE7280D4013006FE8FB /* Project object */ = {
			isa = PBXProject;
			attributes = {
				BuildIndependentTargetsInParallel = 1;
				LastSwiftUpdateCheck = 1330;
				LastUpgradeCheck = 1330;
				TargetAttributes = {
					84459AEE280D4013006FE8FB = {
						CreatedOnToolsVersion = 13.3.1;
					};
				};
			};
			buildConfigurationList = 84459AEA280D4013006FE8FB /* Build configuration list for PBXProject "Coin" */;
			compatibilityVersion = "Xcode 13.0";
			developmentRegion = en;
			hasScannedForEncodings = 0;
			knownRegions = (
				en,
				Base,
			);
			mainGroup = 84459AE6280D4013006FE8FB;
			productRefGroup = 84459AF0280D4013006FE8FB /* Products */;
			projectDirPath = "";
			projectRoot = "";
			targets = (
				84459AEE280D4013006FE8FB /* Coin */,
			);
		};
/* End PBXProject section */

/* Begin PBXResourcesBuildPhase section */
		84459AED280D4013006FE8FB /* Resources */ = {
			isa = PBXResourcesBuildPhase;
			buildActionMask = 2147483647;
			files = (
				84459AFF280D4014006FE8FB /* LaunchScreen.storyboard in Resources */,
				84459AFC280D4014006FE8FB /* Assets.xcassets in Resources */,
				84459AFA280D4013006FE8FB /* Main.storyboard in Resources */,
			);
			runOnlyForDeploymentPostprocessing = 0;
		};
/* End PBXResourcesBuildPhase section */

/* Begin PBXSourcesBuildPhase section */
		84459AEB280D4013006FE8FB /* Sources */ = {
			isa = PBXSourcesBuildPhase;
			buildActionMask = 2147483647;
			files = (
				84459B0F280D8289006FE8FB /* CoinData.swift in Sources */,
				84459B09280D4A1A006FE8FB /* CoinManager.swift in Sources */,
				84459AF7280D4013006FE8FB /* CoinViewController.swift in Sources */,
				84459AF3280D4013006FE8FB /* AppDelegate.swift in Sources */,
				84459AF5280D4013006FE8FB /* SceneDelegate.swift in Sources */,
			);
			runOnlyForDeploymentPostprocessing = 0;
		};
/* End PBXSourcesBuildPhase section */

/* Begin PBXVariantGroup section */
		84459AF8280D4013006FE8FB /* Main.storyboard */ = {
			isa = PBXVariantGroup;
			children = (
				84459AF9280D4013006FE8FB /* Base */,
			);
			name = Main.storyboard;
			sourceTree = "<group>";
		};
		84459AFD280D4014006FE8FB /* LaunchScreen.storyboard */ = {
			isa = PBXVariantGroup;
			children = (
				84459AFE280D4014006FE8FB /* Base */,
			);
			name = LaunchScreen.storyboard;
			sourceTree = "<group>";
		};
/* End PBXVariantGroup section */

/* Begin XCBuildConfiguration section */
		84459B01280D4014006FE8FB /* Debug */ = {
			isa = XCBuildConfiguration;
			baseConfigurationReference = 84459B0D280D4C85006FE8FB /* Secrets.xcconfig */;
			buildSettings = {
				ALWAYS_SEARCH_USER_PATHS = NO;
				CLANG_ANALYZER_NONNULL = YES;
				CLANG_ANALYZER_NUMBER_OBJECT_CONVERSION = YES_AGGRESSIVE;
				CLANG_CXX_LANGUAGE_STANDARD = "gnu++17";
				CLANG_ENABLE_MODULES = YES;
				CLANG_ENABLE_OBJC_ARC = YES;
				CLANG_ENABLE_OBJC_WEAK = YES;
				CLANG_WARN_BLOCK_CAPTURE_AUTORELEASING = YES;
				CLANG_WARN_BOOL_CONVERSION = YES;
				CLANG_WARN_COMMA = YES;
				CLANG_WARN_CONSTANT_CONVERSION = YES;
				CLANG_WARN_DEPRECATED_OBJC_IMPLEMENTATIONS = YES;
				CLANG_WARN_DIRECT_OBJC_ISA_USAGE = YES_ERROR;
				CLANG_WARN_DOCUMENTATION_COMMENTS = YES;
				CLANG_WARN_EMPTY_BODY = YES;
				CLANG_WARN_ENUM_CONVERSION = YES;
				CLANG_WARN_INFINITE_RECURSION = YES;
				CLANG_WARN_INT_CONVERSION = YES;
				CLANG_WARN_NON_LITERAL_NULL_CONVERSION = YES;
				CLANG_WARN_OBJC_IMPLICIT_RETAIN_SELF = YES;
				CLANG_WARN_OBJC_LITERAL_CONVERSION = YES;