
// !$*UTF8*$!
{
	archiveVersion = 1;
	classes = {
	};
	objectVersion = 55;
	objects = {

/* Begin PBXBuildFile section */
		84459AF3280D4013006FE8FB /* AppDelegate.swift in Sources */ = {isa = PBXBuildFile; fileRef = 84459AF2280D4013006FE8FB /* AppDelegate.swift */; };
		84459AF5280D4013006FE8FB /* SceneDelegate.swift in Sources */ = {isa = PBXBuildFile; fileRef = 84459AF4280D4013006FE8FB /* SceneDelegate.swift */; };
		84459AF7280D4013006FE8FB /* CoinViewController.swift in Sources */ = {isa = PBXBuildFile; fileRef = 84459AF6280D4013006FE8FB /* CoinViewController.swift */; };
		84459AFA280D4013006FE8FB /* Main.storyboard in Resources */ = {isa = PBXBuildFile; fileRef = 84459AF8280D4013006FE8FB /* Main.storyboard */; };
		84459AFC280D4014006FE8FB /* Assets.xcassets in Resources */ = {isa = PBXBuildFile; fileRef = 84459AFB280D4014006FE8FB /* Assets.xcassets */; };
		84459AFF280D4014006FE8FB /* LaunchScreen.storyboard in Resources */ = {isa = PBXBuildFile; fileRef = 84459AFD280D4014006FE8FB /* LaunchScreen.storyboard */; };
		84459B09280D4A1A006FE8FB /* CoinManager.swift in Sources */ = {isa = PBXBuildFile; fileRef = 84459B08280D4A1A006FE8FB /* CoinManager.swift */; };
		84459B0F280D8289006FE8FB /* CoinData.swift in Sources */ = {isa = PBXBuildFile; fileRef = 84459B0E280D8289006FE8FB /* CoinData.swift */; };
/* End PBXBuildFile section */

/* Begin PBXFileReference section */
		84459AEF280D4013006FE8FB /* Coin.app */ = {isa = PBXFileReference; explicitFileType = wrapper.application; includeInIndex = 0; path = Coin.app; sourceTree = BUILT_PRODUCTS_DIR; };
		84459AF2280D4013006FE8FB /* AppDelegate.swift */ = {isa = PBXFileReference; lastKnownFileType = sourcecode.swift; path = AppDelegate.swift; sourceTree = "<group>"; };
		84459AF4280D4013006FE8FB /* SceneDelegate.swift */ = {isa = PBXFileReference; lastKnownFileType = sourcecode.swift; path = SceneDelegate.swift; sourceTree = "<group>"; };
		84459AF6280D4013006FE8FB /* CoinViewController.swift */ = {isa = PBXFileReference; lastKnownFileType = sourcecode.swift; path = CoinViewController.swift; sourceTree = "<group>"; };
		84459AF9280D4013006FE8FB /* Base */ = {isa = PBXFileReference; lastKnownFileType = file.storyboard; name = Base; path = Base.lproj/Main.storyboard; sourceTree = "<group>"; };